
Microsoft Visual Studio Solution File, Format Version 12.00
# Visual Studio Version 17
VisualStudioVersion = 17.4.33110.190
MinimumVisualStudioVersion = 10.0.40219.1
Project("{FAE04EC0-301F-11D3-BF4B-00C04F79EFBC}") = "WinFormsApp1", "WinFormsApp1.csproj", "{FF0979AB-0DF6-4495-8794-C49F366C4C52}"
EndProject
Global
	GlobalSection(SolutionConfigurationPlatforms) = preSolution
		Debug|Any CPU = Debug|Any CPU
		Release|Any CPU = Release|Any CPU
	EndGlobalSection
	GlobalSection(ProjectConfigurationPlatforms) = postSolution
		{FF0979AB-0DF6-4495-8794-C49F366C4C52}.Debug|Any CPU.ActiveCfg = Debug|Any CPU
		{FF0979AB-0DF6-4495-8794-C49F366C4C52}.Debug|Any CPU.Build.0 = Debug|Any CPU
		{FF0979AB-0DF6-4495-8794-C49F366C4C52}.Release|Any CPU.ActiveCfg = Release|Any CPU
		{FF0979AB-0DF6-4495-8794-C49F366C4C52}.Release|Any CPU.Build.0 = Release|Any CPU
	EndGlobalSection
	GlobalSection(SolutionProperties) = preSolution
		HideSolutionNode = FALSE
	EndGlobalSection
	GlobalSection(ExtensibilityGlobals) = postSolution
		SolutionGuid = {9797B6B8-6B6B-451E-9DE2-830AE43406CB}
	EndGlobalSection
EndGlobal
